// !$*UTF8*$!
{
	archiveVersion = 1;
	classes = {
	};
	objectVersion = 56;
	objects = {

/* Begin PBXBuildFile section */
		4F02490F2CC15BD300CCCC04 /* AppDelegate.swift in Sources */ = {isa = PBXBuildFile; fileRef = 4F02490E2CC15BD300CCCC04 /* AppDelegate.swift */; };
		4F0249112CC15BD300CCCC04 /* SceneDelegate.swift in Sources */ = {isa = PBXBuildFile; fileRef = 4F0249102CC15BD300CCCC04 /* SceneDelegate.swift */; };
		4F0249132CC15BD300CCCC04 /* MoviesViewController.swift in Sources */ = {isa = PBXBuildFile; fileRef = 4F0249122CC15BD300CCCC04 /* MoviesViewController.swift */; };
		4F0249182CC15BD400CCCC04 /* Assets.xcassets in Resources */ = {isa = PBXBuildFile; fileRef = 4F0249172CC15BD400CCCC04 /* Assets.xcassets */; };
		4F02491B2CC15BD400CCCC04 /* LaunchScreen.storyboard in Resources */ = {isa = PBXBuildFile; fileRef = 4F0249192CC15BD400CCCC04 /* LaunchScreen.storyboard */; };
		4F9A40AA2CC2339400572078 /* MovieDetail.swift in Sources */ = {isa = PBXBuildFile; fileRef = 4F9A40A92CC2339400572078 /* MovieDetail.swift */; };
		4F9A40AC2CC233BB00572078 /* MovieDetailViewController.swift in Sources */ = {isa = PBXBuildFile; fileRef = 4F9A40AB2CC233BB00572078 /* MovieDetailViewController.swift */; };
		4FBAE36F2CC1619100F2A6D9 /* Movie.swift in Sources */ = {isa = PBXBuildFile; fileRef = 4FBAE36E2CC1619100F2A6D9 /* Movie.swift */; };
		4FBAE3722CC1624100F2A6D9 /* MovieService.swift in Sources */ = {isa = PBXBuildFile; fileRef = 4FBAE3712CC1624100F2A6D9 /* MovieService.swift */; };
		4FBAE3742CC1626400F2A6D9 /* MovieCollectionViewCell.swift in Sources */ = {isa = PBXBuildFile; fileRef = 4FBAE3732CC1626400F2A6D9 /* MovieCollectionViewCell.swift */; };
		4FBAE3762CC1780500F2A6D9 /* MovieImage.swift in Sources */ = {isa = PBXBuildFile; fileRef = 4FBAE3752CC1780500F2A6D9 /* MovieImage.swift */; };
		516A3E608824C1756D49649D /* Pods_MovieDemo.framework in Frameworks */ = {isa = PBXBuildFile; fileRef = 4F2E11B8A3B3367DFD09EB76 /* Pods_MovieDemo.framework */; };
/* End PBXBuildFile section */

/* Begin PBXFileReference section */
		1B25E931E50CA25FFC314DE1 /* Pods-MovieDemo.debug.xcconfig */ = {isa = PBXFileReference; includeInIndex = 1; lastKnownFileType = text.xcconfig; name = "Pods-MovieDemo.debug.xcconfig"; path = "Target Support Files/Pods-MovieDemo/Pods-MovieDemo.debug.xcconfig"; sourceTree = "<group>"; };
		4F02490B2CC15BD300CCCC04 /* MovieDemo.app */ = {isa = PBXFileReference; explicitFileType = wrapper.application; includeInIndex = 0; path = MovieDemo.app; sourceTree = BUILT_PRODUCTS_DIR; };
		4F02490E2CC15BD300CCCC04 /* AppDelegate.swift */ = {isa = PBXFileReference; lastKnownFileType = sourcecode.swift; path = AppDelegate.swift; sourceTree = "<group>"; };
		4F0249102CC15BD300CCCC04 /* SceneDelegate.swift */ = {isa = PBXFileReference; lastKnownFileType = sourcecode.swift; path = SceneDelegate.swift; sourceTree = "<group>"; };
		4F0249122CC15BD300CCCC04 /* MoviesViewController.swift */ = {isa = PBXFileReference; lastKnownFileType = sourcecode.swift; path = MoviesViewController.swift; sourceTree = "<group>"; };
		4F0249172CC15BD400CCCC04 /* Assets.xcassets */ = {isa = PBXFileReference; lastKnownFileType = folder.assetcatalog; path = Assets.xcassets; sourceTree = "<group>"; };
		4F02491A2CC15BD400CCCC04 /* Base */ = {isa = PBXFileReference; lastKnownFileType = file.storyboard; name = Base; path = Base.lproj/LaunchScreen.storyboard; sourceTree = "<group>"; };
		4F02491C2CC15BD400CCCC04 /* Info.plist */ = {isa = PBXFileReference; lastKnownFileType = text.plist.xml; path = Info.plist; sourceTree = "<group>"; };
		4F2E11B8A3B3367DFD09EB76 /* Pods_MovieDemo.framework */ = {isa = PBXFileReference; explicitFileType = wrapper.framework; includeInIndex = 0; path = Pods_MovieDemo.framework; sourceTree = BUILT_PRODUCTS_DIR; };
		4F9A40A92CC2339400572078 /* MovieDetail.swift */ = {isa = PBXFileReference; lastKnownFileType = sourcecode.swift; path = MovieDetail.swift; sourceTree = "<group>"; };
		4F9A40AB2CC233BB00572078 /* MovieDetailViewController.swift */ = {isa = PBXFileReference; lastKnownFileType = sourcecode.swift; path = MovieDetailViewController.swift; sourceTree = "<group>"; };
		4FBAE36E2CC1619100F2A6D9 /* Movie.swift */ = {isa = PBXFileReference; lastKnownFileType = sourcecode.swift; path = Movie.swift; sourceTree = "<group>"; };
		4FBAE3712CC1624100F2A6D9 /* MovieService.swift */ = {isa = PBXFileReference; lastKnownFileType = sourcecode.swift; path = MovieService.swift; sourceTree = "<group>"; };
		4FBAE3732CC1626400F2A6D9 /* MovieCollectionViewCell.swift */ = {isa = PBXFileReference; lastKnownFileType = sourcecode.swift; path = MovieCollectionViewCell.swift; sourceTree = "<group>"; };
		4FBAE3752CC1780500F2A6D9 /* MovieImage.swift */ = {isa = PBXFileReference; lastKnownFileType = sourcecode.swift; path = MovieImage.swift; sourceTree = "<group>"; };
		C7697AEA1C1650630D01A50D /* Pods-MovieDemo.release.xcconfig */ = {isa = PBXFileReference; includeInIndex = 1; lastKnownFileType = text.xcconfig; name = "Pods-MovieDemo.release.xcconfig"; path = "Target Support Files/Pods-MovieDemo/Pods-MovieDemo.release.xcconfig"; sourceTree = "<group>"; };
/* End PBXFileReference section */

/* Begin PBXFrameworksBuildPhase section */
		4F0249082CC15BD300CCCC04 /* Frameworks */ = {
			isa = PBXFrameworksBuildPhase;
			buildActionMask = 2147483647;
			files = (
				516A3E608824C1756D49649D /* Pods_MovieDemo.framework in Frameworks */,
			);
			runOnlyForDeploymentPostprocessing = 0;
		};
/* End PBXFrameworksBuildPhase section */

/* Begin PBXGroup section */
		0324D717876BDFFD5595CCA2 /* Pods */ = {
			isa = PBXGroup;
			children = (
				1B25E931E50CA25FFC314DE1 /* Pods-MovieDemo.debug.xcconfig */,
				C7697AEA1C1650630D01A50D /* Pods-MovieDemo.release.xcconfig */,
			);
			path = Pods;
			sourceTree = "<group>";
		};
		2FCBF09599604B9287ACC709 /* Frameworks */ = {
			isa = PBXGroup;
			children = (
				4F2E11B8A3B3367DFD09EB76 /* Pods_MovieDemo.framework */,
			);
			name = Frameworks;
			sourceTree = "<group>";
		};
		4F0249022CC15BD300CCCC04 = {
			isa = PBXGroup;
			children = (
				4F02490D2CC15BD300CCCC04 /* MovieDemo */,
				4F02490C2CC15BD300CCCC04 /* Products */,
				0324D717876BDFFD5595CCA2 /* Pods */,
				2FCBF09599604B9287ACC709 /* Frameworks */,
			);
			sourceTree = "<group>";
		};
		4F02490C2CC15BD300CCCC04 /* Products */ = {
			isa = PBXGroup;
			children = (
				4F02490B2CC15BD300CCCC04 /* MovieDemo.app */,
			);
			name = Products;
			sourceTree = "<group>";
		};
		4F02490D2CC15BD300CCCC04 /* MovieDemo */ = {
			isa = PBXGroup;
			children = (
				4FBAE3702CC1621F00F2A6D9 /* Service */,
				4FBAE36D2CC15D7C00F2A6D9 /* Resource */,
				4FBAE36C2CC15D5C00F2A6D9 /* Model */,
				4FBAE36B2CC15D5600F2A6D9 /* View */,
				4FBAE36A2CC15D4E00F2A6D9 /* Controller */,
				4FBAE3692CC15D3D00F2A6D9 /* Application */,
			);
			path = MovieDemo;
			sourceTree = "<group>";
		};
		4FBAE3692CC15D3D00F2A6D9 /* Application */ = {
			isa = PBXGroup;
			children = (
				4F02490E2CC15BD300CCCC04 /* AppDelegate.swift */,
				4F0249102CC15BD300CCCC04 /* SceneDelegate.swift */,
			);
			path = Application;
			sourceTree = "<group>";
		};
		4FBAE36A2CC15D4E00F2A6D9 /* Controller */ = {
			isa = PBXGroup;
			children = (
				4F0249122CC15BD300CCCC04 /* MoviesViewController.swift */,
				4F9A40AB2CC233BB00572078 /* MovieDetailViewController.swift */,
			);
			path = Controller;
			sourceTree = "<group>";
		};
		4FBAE36B2CC15D5600F2A6D9 /* View */ = {
			isa = PBXGroup;
			children = (
				4FBAE3732CC1626400F2A6D9 /* MovieCollectionViewCell.swift */,
			);
			path = View;
			sourceTree = "<group>";
		};
		4FBAE36C2CC15D5C00F2A6D9 /* Model */ = {
			isa = PBXGroup;
			children = (
				4FBAE36E2CC1619100F2A6D9 /* Movie.swift */,
				4FBAE3752CC1780500F2A6D9 /* MovieImage.swift */,
				4F9A40A92CC2339400572078 /* MovieDetail.swift */,
			);
			path = Model;
			sourceTree = "<group>";
		};
		4FBAE36D2CC15D7C00F2A6D9 /* Resource */ = {
			isa = PBXGroup;
			children = (
				4F0249172CC15BD400CCCC04 /* Assets.xcassets */,
				4F0249192CC15BD400CCCC04 /* LaunchScreen.storyboard */,
				4F02491C2CC15BD400CCCC04 /* Info.plist */,
			);
			path = Resource;
			sourceTree = "<group>";
		};
		4FBAE3702CC1621F00F2A6D9 /* Service */ = {
			isa = PBXGroup;
			children = (
				4FBAE3712CC1624100F2A6D9 /* MovieService.swift */,
			);
			path = Service;
			sourceTree = "<group>";
		};
/* End PBXGroup section */

/* Begin PBXNativeTarget section */
		4F02490A2CC15BD300CCCC04 /* MovieDemo */ = {
			isa = PBXNativeTarget;
			buildConfigurationList = 4F02491F2CC15BD400CCCC04 /* Build configuration list for PBXNativeTarget "MovieDemo" */;
			buildPhases = (
				A6675854A428DE20C33D39AE /* [CP] Check Pods Manifest.lock */,
				4F0249072CC15BD300CCCC04 /* Sources */,
				4F0249082CC15BD300CCCC04 /* Frameworks */,
				4F0249092CC15BD300CCCC04 /* Resources */,
				5A3D31856B84038F90377CD7 /* [CP] Embed Pods Frameworks */,
			);
			buildRules = (
			);
			dependencies = (
			);
			name = MovieDemo;
			productName = MovieDemo;
			productReference = 4F02490B2CC15BD300CCCC04 /* MovieDemo.app */;
			productType = "com.apple.product-type.application";
		};
/* End PBXNativeTarget section */

/* Begin PBXProject section */
		4F0249032CC15BD300CCCC04 /* Project object */ = {
			isa = PBXProject;
			attributes = {
				BuildIndependentTargetsInParallel = 1;
				LastSwiftUpdateCheck = 1520;
				LastUpgradeCheck = 1520;
				TargetAttributes = {
					4F02490A2CC15BD300CCCC04 = {
						CreatedOnToolsVersion = 15.2;
					};
				};
			};
			buildConfigurationList = 4F0249062CC15BD300CCCC04 /* Build configuration list for PBXProject "MovieDemo" */;
			compatibilityVersion = "Xcode 14.0";
			developmentRegion = en;
			hasScannedForEncodings = 0;
			knownRegions = (
				en,
				Base,
			);
			mainGroup = 4F0249022CC15BD300CCCC04;
			productRefGroup = 4F02490C2CC15BD300CCCC04 /* Products */;
			projectDirPath = "";
			projectRoot = "";
			targets = (
				4F02490A2CC15BD300CCCC04 /* MovieDemo */,
			);
		};
/* End PBXProject section */

/* Begin PBXResourcesBuildPhase section */
		4F0249092CC15BD300CCCC04 /* Resources */ = {
			isa = PBXResourcesBuildPhase;
			buildActionMask = 2147483647;
			files = (
				4F02491B2CC15BD400CCCC04 /* LaunchScreen.storyboard in Resources */,
				4F0249182CC15BD400CCCC04 /* Assets.xcassets in Resources */,
			);
			runOnlyForDeploymentPostprocessing = 0;
		};
/* End PBXResourcesBuildPhase section */

/* Begin PBXShellScriptBuildPhase section */
		5A3D31856B84038F90377CD7 /* [CP] Embed Pods Frameworks */ = {
			isa = PBXShellScriptBuildPhase;
			buildActionMask = 2147483647;
			files = (
			);
			inputFileListPaths = (
				"${PODS_ROOT}/Target Support Files/Pods-MovieDemo/Pods-MovieDemo-frameworks-${CONFIGURATION}-input-files.xcfilelist",
			);
			name = "[CP] Embed Pods Frameworks";
			outputFileListPaths = (
				"${PODS_ROOT}/Target Support Files/Pods-MovieDemo/Pods-MovieDemo-frameworks-${CONFIGURATION}-output-files.xcfilelist",
			);
			runOnlyForDeploymentPostprocessing = 0;
			shellPath = /bin/sh;
			shellScript = "\"${PODS_ROOT}/Target Support Files/Pods-MovieDemo/Pods-MovieDemo-frameworks.sh\"\n";
			showEnvVarsInLog = 0;
		};
		A6675854A428DE20C33D39AE /* [CP] Check Pods Manifest.lock */ = {
			isa = PBXShellScriptBuildPhase;
			buildActionMask = 2147483647;
			files = (
			);
			inputFileListPaths = (
			);
			inputPaths = (
				"${PODS_PODFILE_DIR_PATH}/Podfile.lock",
				"${PODS_ROOT}/Manifest.lock",
			);
			name = "[CP] Check Pods Manifest.lock";
			outputFileListPaths = (
			);
			outputPaths = (
				"$(DERIVED_FILE_DIR)/Pods-MovieDemo-checkManifestLockResult.txt",
			);
			runOnlyForDeploymentPostprocessing = 0;
			shellPath = /bin/sh;
			shellScript = "diff \"${PODS_PODFILE_DIR_PATH}/Podfile.lock\" \"${PODS_ROOT}/Manifest.lock\" > /dev/null\nif [ $? != 0 ] ; then\n    # print error to STDERR\n    echo \"error: The sandbox is not in sync with the Podfile.lock. Run 'pod install' or update your CocoaPods installation.\" >&2\n    exit 1\nfi\n# This output is used by Xcode 'outputs' to avoid re-running this script phase.\necho \"SUCCESS\" > \"${SCRIPT_OUTPUT_FILE_0}\"\n";
			showEnvVarsInLog = 0;
		};
/* End PBXShellScriptBuildPhase section */

/* Begin PBXSourcesBuildPhase section */
		4F0249072CC15BD300CCCC04 /* Sources */ = {
			isa = PBXSourcesBuildPhase;
			buildActionMask = 2147483647;
			files = (
				4F0249132CC15BD300CCCC04 /* MoviesViewController.swift in Sources */,
				4FBAE36F2CC1619100F2A6D9 /* Movie.swift in Sources */,
				4FBAE3742CC1626400F2A6D9 /* MovieCollectionViewCell.swift in Sources */,
				4F02490F2CC15BD300CCCC04 /* AppDelegate.swift in Sources */,
				4FBAE3762CC1780500F2A6D9 /* MovieImage.swift in Sources */,
				4F0249112CC15BD300CCCC04 /* SceneDelegate.swift in Sources */,
				4FBAE3722CC1624100F2A6D9 /* MovieService.swift in Sources */,
				4F9A40AC2CC233BB00572078 /* MovieDetailViewController.swift in Sources */,
				4F9A40AA2CC2339400572078 /* MovieDetail.swift in Sources */,
			);
			runOnlyForDeploymentPostprocessing = 0;
		};
/* End PBXSourcesBuildPhase section */

/* Begin PBXVariantGroup section */
		4F0249192CC15BD400CCCC04 /* LaunchScreen.storyboard */ = {
			isa = PBXVariantGroup;
			children = (
				4F02491A2CC15BD400CCCC04 /* Base */,
			);
			name = LaunchScreen.storyboard;
			sourceTree = "<group>";
		};
/* End PBXVariantGroup section */

/* Begin XCBuildConfiguration section */
		4F02491D2CC15BD400CCCC04 /* Debug */ = {
			isa = XCBuildConfiguration;
			buildSettings = {
				ALWAYS_SEARCH_USER_PATHS = NO;
				ASSETCATALOG_COMPILER_GENERATE_SWIFT_ASSET_SYMBOL_EXTENSIONS = YES;
				CLANG_ANALYZER_NONNULL = YES;
				CLANG_ANALYZER_NUMBER_OBJECT_CONVERSION = YES_AGGRESSIVE;
				CLANG_CXX_LANGUAGE_STANDARD = "gnu++20";
				CLANG_ENABLE_MODULES = YES;
				CLANG_ENABLE_OBJC_ARC = YES;
				CLANG_ENABLE_OBJC_WEAK = YES;
				CLANG_WARN_BLOCK_CAPTURE_AUTORELEASING = YES;
				CLANG_WARN_BOOL_CONVERSION = YES;
				CLANG_WARN_COMMA = YES;
				CLANG_WARN_CONSTANT_CONVERSION = YES;
				CLANG_WARN_DEPRECATED_OBJC_IMPLEMENTATIONS = YES;
				CLANG_WARN_DIRECT_OBJC_ISA_USAGE = YES_ERROR;
				CLANG_WARN_DOCUMENTATION_COMMENTS = YES;
				CLANG_WARN_EMPTY_BODY = YES;
				CLANG_WARN_ENUM_CONVERSION = YES;
				CLANG_WARN_INFINITE_RECURSION = YES;
				CLANG_WARN_INT_CONVERSION = YES;
				CLANG_WARN_NON_LITERAL_NULL_CONVERSION = YES;
				CLANG_WARN_OBJC_IMPLICIT_RETAIN_SELF = YES;
				CLANG_WARN_OBJC_LITERAL_CONVERSION = YES;
				CLANG_WARN_OBJC_ROOT_CLASS = YES_ERROR;
				CLANG_WARN_QUOTED_INCLUDE_IN_FRAMEWORK_HEADER = YES;
				CLANG_WARN_RANGE_LOOP_ANALYSIS = YES;
				CLANG_WARN_STRICT_PROTOTYPES = YES;
				CLANG_WARN_SUSPICIOUS_MOVE = YES;
				CLANG_WARN_UNGUARDED_AVAILABILITY = YES_AGGRESSIVE;
				CLANG_WARN_UNREACHABLE_CODE = YES;
				CLANG_WARN__DUPLICATE_METHOD_MATCH = YES;
				COPY_PHASE_STRIP = NO;
				DEBUG_INFORMATION_FORMAT = dwarf;
				ENABLE_STRICT_OBJC_MSGSEND = YES;
				ENABLE_TESTABILITY = YES;
				ENABLE_USER_SCRIPT_SANDBOXING = YES;
				GCC_C_LANGUAGE_STANDARD = gnu17;
				GCC_DYNAMIC_NO_PIC = NO;
				GCC_NO_COMMON_BLOCKS = YES;
				GCC_OPTIMIZATION_LEVEL = 0;
				GCC_PREPROCESSOR_DEFINITIONS = (
					"DEBUG=1",
					"$(inherited)",
				);
				GCC_WARN_64_TO_32_BIT_CONVERSION = YES;
				GCC_WARN_ABOUT_RETURN_TYPE = YES_ERROR;
				GCC_WARN_UNDECLARED_SELECTOR = YES;
				GCC_WARN_UNINITIALIZED_AUTOS = YES_AGGRESSIVE;
				GCC_WARN_UNUSED_FUNCTION = YES;
				GCC_WARN_UNUSED_VARIABLE = YES;
				IPHONEOS_DEPLOYMENT_TARGET = 17.2;
				LOCALIZATION_PREFERS_STRING_CATALOGS = YES;
				MTL_ENABLE_DEBUG_INFO = INCLUDE_SOURCE;
				MTL_FAST_MATH = YES;
				ONLY_ACTIVE_ARCH = YES;
				SDKROOT = iphoneos;
				SWIFT_ACTIVE_COMPILATION_CONDITIONS = "DEBUG $(inherited)";
				SWIFT_OPTIMIZATION_LEVEL = "-Onone";
			};
			name = Debug;
		};
		4F02491E2CC15BD400CCCC04 /* Release */ = {
			isa = XCBuildConfiguration;
			buildSettings = {
				ALWAYS_SEARCH_USER_PATHS = NO;
				ASSETCATALOG_COMPILER_GENERATE_SWIFT_ASSET_SYMBOL_EXTENSIONS = YES;
				CLANG_ANALYZER_NONNULL = YES;
				CLANG_ANALYZER_NUMBER_OBJECT_CONVERSION = YES_AGGRESSIVE;
				CLANG_CXX_LANGUAGE_STANDARD = "gnu++20";
				CLANG_ENABLE_MODULES = YES;
				CLANG_ENABLE_OBJC_ARC = YES;
				CLANG_ENABLE_OBJC_WEAK = YES;
				CLANG_WARN_BLOCK_CAPTURE_AUTORELEASING = YES;
				CLANG_WARN_BOOL_CONVERSION = YES;
				CLANG_WARN_COMMA = YES;
				CLANG_WARN_CONSTANT_CONVERSION = YES;
				CLANG_WARN_DEPRECATED_OBJC_IMPLEMENTATIONS = YES;
				CLANG_WARN_DIRECT_OBJC_ISA_USAGE = YES_ERROR;
				CLANG_WARN_DOCUMENTATION_COMMENTS = YES;
				CLANG_WARN_EMPTY_BODY = YES;
				CLANG_WARN_ENUM_CONVERSION = YES;
				CLANG_WARN_INFINITE_RECURSION = YES;
				CLANG_WARN_INT_CONVERSION = YES;
				CLANG_WARN_NON_LITERAL_NULL_CONVERSION = YES;
				CLANG_WARN_OBJC_IMPLICIT_RETAIN_SELF = YES;
				CLANG_WARN_OBJC_LITERAL_CONVERSION = YES;
				CLANG_WARN_OBJC_ROOT_CLASS = YES_ERROR;
				CLANG_WARN_QUOTED_INCLUDE_IN_FRAMEWORK_HEADER = YES;
				CLANG_WARN_RANGE_LOOP_ANALYSIS = YES;
				CLANG_WARN_STRICT_PROTOTYPES = YES;
				CLANG_WARN_SUSPICIOUS_MOVE = YES;
				CLANG_WARN_UNGUARDED_AVAILABILITY = YES_AGGRESSIVE;
				CLANG_WARN_UNREACHABLE_CODE = YES;
				CLANG_WARN__DUPLICATE_METHOD_MATCH = YES;
				COPY_PHASE_STRIP = NO;
				DEBUG_INFORMATION_FORMAT = "dwarf-with-dsym";
				ENABLE_NS_ASSERTIONS = NO;
				ENABLE_STRICT_OBJC_MSGSEND = YES;
				ENABLE_USER_SCRIPT_SANDBOXING = YES;
				GCC_C_LANGUAGE_STANDARD = gnu17;
				GCC_NO_COMMON_BLOCKS = YES;
				GCC_WARN_64_TO_32_BIT_CONVERSION = YES;
				GCC_WARN_ABOUT_RETURN_TYPE = YES_ERROR;
				GCC_WARN_UNDECLARED_SELECTOR = YES;
				GCC_WARN_UNINITIALIZED_AUTOS = YES_AGGRESSIVE;
				GCC_WARN_UNUSED_FUNCTION = YES;
				GCC_WARN_UNUSED_VARIABLE = YES;
				IPHONEOS_DEPLOYMENT_TARGET = 17.2;
				LOCALIZATION_PREFERS_STRING_CATALOGS = YES;
				MTL_ENABLE_DEBUG_INFO = NO;
				MTL_FAST_MATH = YES;
				SDKROOT = iphoneos;
				SWIFT_COMPILATION_MODE = wholemodule;
				VALIDATE_PRODUCT = YES;
			};
			name = Release;
		};
		4F0249202CC15BD400CCCC04 /* Debug */ = {
			isa = XCBuildConfiguration;
			baseConfigurationReference = 1B25E931E50CA25FFC314DE1 /* Pods-MovieDemo.debug.xcconfig */;
			buildSettings = {
				ASSETCATALOG_COMPILER_APPICON_NAME = AppIcon;
				ASSETCATALOG_COMPILER_GLOBAL_ACCENT_COLOR_NAME = AccentColor;
				CODE_SIGN_STYLE = Automatic;
				CURRENT_PROJECT_VERSION = 1;
				DEVELOPMENT_TEAM = 4C4KZRT7P4;
				ENABLE_USER_SCRIPT_SANDBOXING = NO;
				GENERATE_INFOPLIST_FILE = YES;
				INFOPLIST_FILE = MovieDemo/Resource/Info.plist;
				INFOPLIST_KEY_UIApplicationSupportsIndirectInputEvents = YES;
				INFOPLIST_KEY_UILaunchStoryboardName = LaunchScreen;
				INFOPLIST_KEY_UISupportedInterfaceOrientations_iPad = "UIInterfaceOrientationPortrait UIInterfaceOrientationPortraitUpsideDown UIInterfaceOrientationLandscapeLeft UIInterfaceOrientationLandscapeRight";
				INFOPLIST_KEY_UISupportedInterfaceOrientations_iPhone = "UIInterfaceOrientationPortrait UIInterfaceOrientationLandscapeLeft UIInterfaceOrientationLandscapeRight";
				LD_RUNPATH_SEARCH_PATHS = (
					"$(inherited)",
					"@executable_path/Frameworks",
				);
				MARKETING_VERSION = 1.0;
				PRODUCT_BUNDLE_IDENTIFIER = international.MovieDemo;
				PRODUCT_NAME = "$(TARGET_NAME)";
				SWIFT_EMIT_LOC_STRINGS = YES;
				SWIFT_VERSION = 5.0;
				TARGETED_DEVICE_FAMILY = "1,2";
			};
			name = Debug;
		};
		4F0249212CC15BD400CCCC04 /* Release */ = {
			isa = XCBuildConfiguration;
			baseConfigurationReference = C7697AEA1C1650630D01A50D /* Pods-MovieDemo.release.xcconfig */;
			buildSettings = {
				ASSETCATALOG_COMPILER_APPICON_NAME = AppIcon;
				ASSETCATALOG_COMPILER_GLOBAL_ACCENT_COLOR_NAME = AccentColor;
				CODE_SIGN_STYLE = Automatic;
				CURRENT_PROJECT_VERSION = 1;
				DEVELOPMENT_TEAM = 4C4KZRT7P4;
				ENABLE_USER_SCRIPT_SANDBOXING = NO;
				GENERATE_INFOPLIST_FILE = YES;
				INFOPLIST_FILE = MovieDemo/Resource/Info.plist;
				INFOPLIST_KEY_UIApplicationSupportsIndirectInputEvents = YES;
				INFOPLIST_KEY_UILaunchStoryboardName = LaunchScreen;
				INFOPLIST_KEY_UISupportedInterfaceOrientations_iPad = "UIInterfaceOrientationPortrait UIInterfaceOrientationPortraitUpsideDown UIInterfaceOrientationLandscapeLeft UIInterfaceOrientationLandscapeRight";
				INFOPLIST_KEY_UISupportedInterfaceOrientations_iPhone = "UIInterfaceOrientationPortrait UIInterfaceOrientationLandscapeLeft UIInterfaceOrientationLandscapeRight";
				LD_RUNPATH_SEARCH_PATHS = (
					"$(inherited)",
					"@executable_path/Frameworks",
				);
				MARKETING_VERSION = 1.0;
				PRODUCT_BUNDLE_IDENTIFIER = international.MovieDemo;
				PRODUCT_NAME = "$(TARGET_NAME)";
				SWIFT_EMIT_LOC_STRINGS = YES;
				SWIFT_VERSION = 5.0;
				TARGETED_DEVICE_FAMILY = "1,2";
			};
			name = Release;
		};
/* End XCBuildConfiguration section */

/* Begin XCConfigurationList section */
		4F0249062CC15BD300CCCC04 /* Build configuration list for PBXProject "MovieDemo" */ = {
			isa = XCConfigurationList;
			buildConfigurations = (
				4F02491D2CC15BD400CCCC04 /* Debug */,
				4F02491E2CC15BD400CCCC04 /* Release */,
			);
			defaultConfigurationIsVisible = 0;
			defaultConfigurationName = Release;
		};
		4F02491F2CC15BD400CCCC04 /* Build configuration list for PBXNativeTarget "MovieDemo" */ = {
			isa = XCConfigurationList;
			buildConfigurations = (
				4F0249202CC15BD400CCCC04 /* Debug */,
				4F0249212CC15BD400CCCC04 /* Release */,
			);
			defaultConfigurationIsVisible = 0;
			defaultConfigurationName = Release;
		};
/* End XCConfigurationList section */
	};
	rootObject = 4F0249032CC15BD300CCCC04 /* Project object */;
}
